<?xml version="1.0" encoding="utf-8"?>
<Project ToolsVersion="4.0" xmlns="http://schemas.microsoft.com/developer/msbuild/2003">
  <ItemGroup>
    <Filter Include="源文件">
      <UniqueIdentifier>{4FC737F1-C7A5-4376-A066-2A32D752A2FF}</UniqueIdentifier>
      <Extensions>cpp;c;cc;cxx;def;odl;idl;hpj;bat;asm;asmx</Extensions>
    </Filter>
    <Filter Include="头文件">
      <UniqueIdentifier>{93995380-89BD-4b04-88EB-625FBE52EBFB}</UniqueIdentifier>
      <Extensions>h;hpp;hxx;hm;inl;inc;xsd</Extensions>
    </Filter>
    <Filter Include="资源文件">
      <UniqueIdentifier>{67DA6AB6-F800-4c08-8B7A-83BB121AAD01}</UniqueIdentifier>
      <Extensions>rc;ico;cur;bmp;dlg;rc2;rct;bin;rgs;gif;jpg;jpeg;jpe;resx;tiff;tif;png;wav;mfcribbon-ms</Extensions>
    </Filter>
  </ItemGroup>
  <ItemGroup>
    <None Include="ReadMe.txt" />
    <None Include="res\ExRabbit.rc2">
      <Filter>资源文件</Filter>
    </None>
    <None Include="res\ExRabbit.ico">
      <Filter>资源文件</Filter>
    </None>
    <None Include="res\LOGO.bmp">
      <Filter>资源文件</Filter>
    </None>
    <None Include="res\icon2.ico">
      <Filter>资源文件</Filter>
    </None>
    <None Include="res\icon4.ico">
      <Filter>资源文件</Filter>
    </None>
    <None Include="..\BUGtrace.txt" />
    <None Include="res\icon5.ico">
      <Filter>资源文件</Filter>
    </None>
    <None Include="res\icon6.ico">
      <Filter>资源文件</Filter>
    </None>
    <None Include="res\iconud.ico">
      <Filter>资源文件</Filter>
    </None>
    <None Include="res\icon8.ico">
      <Filter>资源文件</Filter>
    </None>
    <None Include="res\pic_icon.ico">
      <Filter>资源文件</Filter>
    </None>
    <None Include="res\ico00001.ico">
      <Filter>资源文件</Filter>
    </None>
    <None Include="res\ico00002.ico">
      <Filter>资源文件</Filter>
    </None>
    <None Include="res\ico00003.ico">
      <Filter>资源文件</Filter>
    </None>
    <None Include="res\ico00004.ico">
      <Filter>资源文件</Filter>
    </None>
    <None Include="res\ico00005.ico">
      <Filter>资源文件</Filter>
    </None>
    <None Include="res\ico00006.ico">
      <Filter>资源文件</Filter>
    </None>
    <None Include="res\ico00007.ico">
      <Filter>资源文件</Filter>
    </None>
    <None Include="res\clr_icon.ico">
      <Filter>资源文件</Filter>
    </None>
    <None Include="res\ico00008.ico">
      <Filter>资源文件</Filter>
    </None>
    <None Include="res\QRCODE.bmp">
      <Filter>资源文件</Filter>
    </None>
    <None Include="res\ico00009.ico">
      <Filter>资源文件</Filter>
    </None>
  </ItemGroup>
  <ItemGroup>
    <ClInclude Include="ExRabbit.h">
      <Filter>头文件</Filter>
    </ClInclude>
    <ClInclude Include="ExRabbitDlg.h">
      <Filter>头文件</Filter>
    </ClInclude>
    <ClInclude Include="stdafx.h">
      <Filter>头文件</Filter>
    </ClInclude>
    <ClInclude Include="targetver.h">
      <Filter>头文件</Filter>
    </ClInclude>
    <ClInclude Include="Resource.h">
      <Filter>头文件</Filter>
    </ClInclude>
    <ClInclude Include="Func.h">
      <Filter>头文件</Filter>
    </ClInclude>
    <ClInclude Include="DlgRename.h">
      <Filter>头文件</Filter>
    </ClInclude>
    <ClInclude Include="DlgTrasform.h">
      <Filter>头文件</Filter>
    </ClInclude>
    <ClInclude Include="DialogNew.h">
      <Filter>头文件</Filter>
    </ClInclude>
    <ClInclude Include="DlgSetpara.h">
      <Filter>头文件</Filter>
    </ClInclude>
    <ClInclude Include="DlgSetXY.h">
      <Filter>头文件</Filter>
    </ClInclude>
    <ClInclude Include="DlgExpand.h">
      <Filter>头文件</Filter>
    </ClInclude>
    <ClInclude Include="DlgColor.h">
      <Filter>头文件</Filter>
    </ClInclude>
    <ClInclude Include="DlgBar.h">
      <Filter>头文件</Filter>
    </ClInclude>
    <ClInclude Include="ToolIMGSearch.h">
      <Filter>头文件</Filter>
    </ClInclude>
    <ClInclude Include="ToolAvatar.h">
      <Filter>头文件</Filter>
    </ClInclude>
    <ClInclude Include="ToolDict.h">
      <Filter>头文件</Filter>
    </ClInclude>
    <ClInclude Include="DlgSetting.h">
      <Filter>头文件</Filter>
    </ClInclude>
    <ClInclude Include="ToolIndexing.h">
      <Filter>头文件</Filter>
    </ClInclude>
    <ClInclude Include="DlgInsertIMG.h">
      <Filter>头文件</Filter>
    </ClInclude>
    <ClInclude Include="DlgInsertPicture.h">
      <Filter>头文件</Filter>
    </ClInclude>
    <ClInclude Include="DlgInsertColor.h">
      <Filter>头文件</Filter>
    </ClInclude>
    <ClInclude Include="DlgInsertTexture.h">
      <Filter>头文件</Filter>
    </ClInclude>
    <ClInclude Include="DialogImportFrame.h">
      <Filter>头文件</Filter>
    </ClInclude>
    <ClInclude Include="DialogAbout.h">
      <Filter>头文件</Filter>
    </ClInclude>
    <ClInclude Include="ToolSPK.h">
      <Filter>头文件</Filter>
    </ClInclude>
    <ClInclude Include="ToolForceEx.h">
      <Filter>头文件</Filter>
    </ClInclude>
    <ClInclude Include="DlgLoseBlack.h">
      <Filter>头文件</Filter>
    </ClInclude>
  </ItemGroup>
  <ItemGroup>
    <ClCompile Include="ExRabbit.cpp">
      <Filter>源文件</Filter>
    </ClCompile>
    <ClCompile Include="ExRabbitDlg.cpp">
      <Filter>源文件</Filter>
    </ClCompile>
    <ClCompile Include="stdafx.cpp">
      <Filter>源文件</Filter>
    </ClCompile>
    <ClCompile Include="Func.cpp">
      <Filter>源文件</Filter>
    </ClCompile>
    <ClCompile Include="DlgRename.cpp">
      <Filter>源文件</Filter>
    </ClCompile>
    <ClCompile Include="DlgTrasform.cpp">
      <Filter>源文件</Filter>
    </ClCompile>
    <ClCompile Include="DialogNew.cpp">
      <Filter>源文件</Filter>
    </ClCompile>
    <ClCompile Include="DlgSetpara.cpp">
      <Filter>源文件</Filter>
    </ClCompile>
    <ClCompile Include="DlgSetXY.cpp">
      <Filter>源文件</Filter>
    </ClCompile>
    <ClCompile Include="DlgExpand.cpp">
      <Filter>源文件</Filter>
    </ClCompile>
    <ClCompile Include="DlgColor.cpp">
      <Filter>源文件</Filter>
    </ClCompile>
    <ClCompile Include="DlgBar.cpp">
      <Filter>源文件</Filter>
    </ClCompile>
    <ClCompile Include="ToolIMGSearch.cpp">
      <Filter>源文件</Filter>
    </ClCompile>
    <ClCompile Include="ToolAvatar.cpp">
      <Filter>源文件</Filter>
    </ClCompile>
    <ClCompile Include="ToolDict.cpp">
      <Filter>源文件</Filter>
    </ClCompile>
    <ClCompile Include="DlgSetting.cpp">
      <Filter>源文件</Filter>
    </ClCompile>
    <ClCompile Include="ToolIndexing.cpp">
      <Filter>源文件</Filter>
    </ClCompile>
    <ClCompile Include="DlgInsertIMG.cpp">
      <Filter>源文件</Filter>
    </ClCompile>
    <ClCompile Include="DlgInsertPicture.cpp">
      <Filter>源文件</Filter>
    </ClCompile>
    <ClCompile Include="DlgInsertColor.cpp">
      <Filter>源文件</Filter>
    </ClCompile>
    <ClCompile Include="DlgInserTexture.cpp">
      <Filter>源文件</Filter>
    </ClCompile>
    <ClCompile Include="DialogImportFrame.cpp">
      <Filter>源文件</Filter>
    </ClCompile>
    <ClCompile Include="DialogAbout.cpp">
      <Filter>源文件</Filter>
    </ClCompile>
    <ClCompile Include="ToolSPK.cpp">
      <Filter>源文件</Filter>
    </ClCompile>
    <ClCompile Include="ToolForceEx.cpp">
      <Filter>源文件</Filter>
    </ClCompile>
    <ClCompile Include="DlgLoseBlack.cpp">
      <Filter>源文件</Filter>
    </ClCompile>
  </ItemGroup>
  <ItemGroup>
    <ResourceCompile Include="ExRabbit.rc">
      <Filter>资源文件</Filter>
    </ResourceCompile>
  </ItemGroup>
</Project>