<?xml version="1.0" encoding="utf-8"?>
<Project ToolsVersion="4.0" xmlns="http://schemas.microsoft.com/developer/msbuild/2003">
  <ItemGroup>
    <Filter Include="源文件">
      <UniqueIdentifier>{4FC737F1-C7A5-4376-A066-2A32D752A2FF}</UniqueIdentifier>
      <Extensions>cpp;c;cc;cxx;def;odl;idl;hpj;bat;asm;asmx</Extensions>
    </Filter>
    <Filter Include="头文件">
      <UniqueIdentifier>{93995380-89BD-4b04-88EB-625FBE52EBFB}</UniqueIdentifier>
      <Extensions>h;hpp;hxx;hm;inl;inc;xsd</Extensions>
    </Filter>
    <Filter Include="资源文件">
      <UniqueIdentifier>{67DA6AB6-F800-4c08-8B7A-83BB121AAD01}</UniqueIdentifier>
      <Extensions>rc;ico;cur;bmp;dlg;rc2;rct;bin;rgs;gif;jpg;jpeg;jpe;resx;tiff;tif;png;wav;mfcribbon-ms</Extensions>
    </Filter>
  </ItemGroup>
  <ItemGroup>
    <None Include="ReadMe.txt" />
    <None Include="res\ExRabbit.rc2">
      <Filter>资源文件</Filter>
    </None>
    <None Include="res\LOGO.bmp">
      <Filter>资源文件</Filter>
    </None>
    <None Include="..\BUGtrace.txt" />
    <None Include="res\QRCODE.bmp">
      <Filter>资源文件</Filter>
    </None>
    <None Include="res\cursor1.cur">
      <Filter>资源文件</Filter>
    </None>
    <None Include="res\icon_format_ARGB1555.ico">
      <Filter>资源文件</Filter>
    </None>
    <None Include="res\icon_format_ARGB4444.ico">
      <Filter>资源文件</Filter>
    </None>
    <None Include="res\icon_format_ARGB8888.ico">
      <Filter>资源文件</Filter>
    </None>
    <None Include="res\icon_format_DXT1.ico">
      <Filter>资源文件</Filter>
    </None>
    <None Include="res\icon_format_DXT3.ico">
      <Filter>资源文件</Filter>
    </None>
    <None Include="res\icon_format_DXT5.ico">
      <Filter>资源文件</Filter>
    </None>
    <None Include="res\icon_format_LINK.ico">
      <Filter>资源文件</Filter>
    </None>
    <None Include="res\icon_format_PALETTE.ico">
      <Filter>资源文件</Filter>
    </None>
    <None Include="res\icon_main.ico">
      <Filter>资源文件</Filter>
    </None>
    <None Include="res\icon_version_2.ico">
      <Filter>资源文件</Filter>
    </None>
    <None Include="res\icon_version_4.ico">
      <Filter>资源文件</Filter>
    </None>
    <None Include="res\icon_version_5.ico">
      <Filter>资源文件</Filter>
    </None>
    <None Include="res\icon_version_6.ico">
      <Filter>资源文件</Filter>
    </None>
    <None Include="res\icon_version_NUL.ico">
      <Filter>资源文件</Filter>
    </None>
    <None Include="res\tool_button_1.bmp">
      <Filter>资源文件</Filter>
    </None>
    <None Include="res\tool_button_2.bmp">
      <Filter>资源文件</Filter>
    </None>
    <None Include="res\tool_button_3.bmp">
      <Filter>资源文件</Filter>
    </None>
    <None Include="res\tool_button_4.bmp">
      <Filter>资源文件</Filter>
    </None>
    <None Include="res\tool_button_5.bmp">
      <Filter>资源文件</Filter>
    </None>
    <None Include="res\tool_button_6.bmp">
      <Filter>资源文件</Filter>
    </None>
    <None Include="res\tool_button_7.bmp">
      <Filter>资源文件</Filter>
    </None>
    <None Include="res\tool_button_8.bmp">
      <Filter>资源文件</Filter>
    </None>
    <None Include="res\tool_button_9.bmp">
      <Filter>资源文件</Filter>
    </None>
    <None Include="res\tool_button_10.bmp">
      <Filter>资源文件</Filter>
    </None>
    <None Include="res\tool_button_11.bmp">
      <Filter>资源文件</Filter>
    </None>
    <None Include="res\tool_button_12.bmp">
      <Filter>资源文件</Filter>
    </None>
    <None Include="res\tool_button_13.bmp">
      <Filter>资源文件</Filter>
    </None>
    <None Include="res\tool_button_14.bmp">
      <Filter>资源文件</Filter>
    </None>
    <None Include="res\tool_button_15.bmp">
      <Filter>资源文件</Filter>
    </None>
    <None Include="res\cursor2.cur">
      <Filter>资源文件</Filter>
    </None>
    <None Include="res\cursor3.cur">
      <Filter>资源文件</Filter>
    </None>
    <None Include="res\cursor4.cur">
      <Filter>资源文件</Filter>
    </None>
    <None Include="res\cursor5.cur">
      <Filter>资源文件</Filter>
    </None>
    <None Include="res\LOGO2.bmp">
      <Filter>资源文件</Filter>
    </None>
    <None Include="res\icon_version_1.ico">
      <Filter>资源文件</Filter>
    </None>
    <None Include="res\icon_version_link.ico">
      <Filter>资源文件</Filter>
    </None>
    <None Include="res\tool_button_2X.bmp">
      <Filter>资源文件</Filter>
    </None>
    <None Include="res\tool_button_4x.bmp">
      <Filter>资源文件</Filter>
    </None>
    <None Include="res\tool_button_5x.bmp">
      <Filter>资源文件</Filter>
    </None>
    <None Include="res\tool_button_6x.bmp">
      <Filter>资源文件</Filter>
    </None>
    <None Include="res\tool_button_7x.bmp">
      <Filter>资源文件</Filter>
    </None>
    <None Include="res\tool_button_8x.bmp">
      <Filter>资源文件</Filter>
    </None>
    <None Include="res\tool_button_9x.bmp">
      <Filter>资源文件</Filter>
    </None>
    <None Include="res\tool_button_10x.bmp">
      <Filter>资源文件</Filter>
    </None>
    <None Include="res\tool_button_11x.bmp">
      <Filter>资源文件</Filter>
    </None>
    <None Include="res\tool_button_12x.bmp">
      <Filter>资源文件</Filter>
    </None>
    <None Include="res\tool_button_13x.bmp">
      <Filter>资源文件</Filter>
    </None>
    <None Include="res\tool_button_14x.bmp">
      <Filter>资源文件</Filter>
    </None>
    <None Include="res\tool_button_15x.bmp">
      <Filter>资源文件</Filter>
    </None>
  </ItemGroup>
  <ItemGroup>
    <ClInclude Include="ExRabbit.h">
      <Filter>头文件</Filter>
    </ClInclude>
    <ClInclude Include="ExRabbitDlg.h">
      <Filter>头文件</Filter>
    </ClInclude>
    <ClInclude Include="stdafx.h">
      <Filter>头文件</Filter>
    </ClInclude>
    <ClInclude Include="targetver.h">
      <Filter>头文件</Filter>
    </ClInclude>
    <ClInclude Include="Resource.h">
      <Filter>头文件</Filter>
    </ClInclude>
    <ClInclude Include="Func.h">
      <Filter>头文件</Filter>
    </ClInclude>
    <ClInclude Include="DialogNew.h">
      <Filter>头文件</Filter>
    </ClInclude>
    <ClInclude Include="DlgBar.h">
      <Filter>头文件</Filter>
    </ClInclude>
    <ClInclude Include="ToolIMGSearch.h">
      <Filter>头文件</Filter>
    </ClInclude>
    <ClInclude Include="ToolAvatar.h">
      <Filter>头文件</Filter>
    </ClInclude>
    <ClInclude Include="ToolDict.h">
      <Filter>头文件</Filter>
    </ClInclude>
    <ClInclude Include="DialogAbout.h">
      <Filter>头文件</Filter>
    </ClInclude>
    <ClInclude Include="ToolSPK.h">
      <Filter>头文件</Filter>
    </ClInclude>
    <ClInclude Include="ToolForceEx.h">
      <Filter>头文件</Filter>
    </ClInclude>
    <ClInclude Include="ToolAvatarES.h">
      <Filter>头文件</Filter>
    </ClInclude>
    <ClInclude Include="AdjustColorDlg.h">
      <Filter>头文件</Filter>
    </ClInclude>
    <ClInclude Include="ModalInsertPicture.h">
      <Filter>头文件</Filter>
    </ClInclude>
    <ClInclude Include="ModalInsertPicturePatch.h">
      <Filter>头文件</Filter>
    </ClInclude>
    <ClInclude Include="ModalAdjustCanvas.h">
      <Filter>头文件</Filter>
    </ClInclude>
    <ClInclude Include="ModalPictureParameter.h">
      <Filter>头文件</Filter>
    </ClInclude>
    <ClInclude Include="ModalClearPicture.h">
      <Filter>头文件</Filter>
    </ClInclude>
    <ClInclude Include="ModalLoseBlackPicture.h">
      <Filter>头文件</Filter>
    </ClInclude>
    <ClInclude Include="ModalAdjustColor.h">
      <Filter>头文件</Filter>
    </ClInclude>
    <ClInclude Include="ModalAddMark.h">
      <Filter>头文件</Filter>
    </ClInclude>
    <ClInclude Include="ModalGradient.h">
      <Filter>头文件</Filter>
    </ClInclude>
    <ClInclude Include="TinyBar.h">
      <Filter>头文件</Filter>
    </ClInclude>
    <ClInclude Include="TinyColorSelect.h">
      <Filter>头文件</Filter>
    </ClInclude>
    <ClInclude Include="ModalInsertTexture.h">
      <Filter>头文件</Filter>
    </ClInclude>
    <ClInclude Include="TinyAddMark.h">
      <Filter>头文件</Filter>
    </ClInclude>
    <ClInclude Include="TinySetBrush.h">
      <Filter>头文件</Filter>
    </ClInclude>
    <ClInclude Include="ModalTransform.h">
      <Filter>头文件</Filter>
    </ClInclude>
    <ClInclude Include="ModalRename.h">
      <Filter>头文件</Filter>
    </ClInclude>
    <ClInclude Include="ModalInsertImage.h">
      <Filter>头文件</Filter>
    </ClInclude>
    <ClInclude Include="Profile.h">
      <Filter>头文件</Filter>
    </ClInclude>
    <ClInclude Include="ModalPreference.h">
      <Filter>头文件</Filter>
    </ClInclude>
    <ClInclude Include="DictAvatar.h">
      <Filter>头文件</Filter>
    </ClInclude>
    <ClInclude Include="ModalAvatarMap1.h">
      <Filter>头文件</Filter>
    </ClInclude>
    <ClInclude Include="ModalAvatarMap2.h">
      <Filter>头文件</Filter>
    </ClInclude>
    <ClInclude Include="ModalAvatarUpdate.h">
      <Filter>头文件</Filter>
    </ClInclude>
    <ClInclude Include="ModalImageHide.h">
      <Filter>头文件</Filter>
    </ClInclude>
    <ClInclude Include="ModalImageRemove.h">
      <Filter>头文件</Filter>
    </ClInclude>
    <ClInclude Include="ModalLock.h">
      <Filter>头文件</Filter>
    </ClInclude>
    <ClInclude Include="ModalLockInput.h">
      <Filter>头文件</Filter>
    </ClInclude>
  </ItemGroup>
  <ItemGroup>
    <ClCompile Include="ExRabbit.cpp">
      <Filter>源文件</Filter>
    </ClCompile>
    <ClCompile Include="ExRabbitDlg.cpp">
      <Filter>源文件</Filter>
    </ClCompile>
    <ClCompile Include="stdafx.cpp">
      <Filter>源文件</Filter>
    </ClCompile>
    <ClCompile Include="Func.cpp">
      <Filter>源文件</Filter>
    </ClCompile>
    <ClCompile Include="DialogNew.cpp">
      <Filter>源文件</Filter>
    </ClCompile>
    <ClCompile Include="DlgBar.cpp">
      <Filter>源文件</Filter>
    </ClCompile>
    <ClCompile Include="ToolIMGSearch.cpp">
      <Filter>源文件</Filter>
    </ClCompile>
    <ClCompile Include="ToolAvatar.cpp">
      <Filter>源文件</Filter>
    </ClCompile>
    <ClCompile Include="ToolDict.cpp">
      <Filter>源文件</Filter>
    </ClCompile>
    <ClCompile Include="DialogAbout.cpp">
      <Filter>源文件</Filter>
    </ClCompile>
    <ClCompile Include="ToolSPK.cpp">
      <Filter>源文件</Filter>
    </ClCompile>
    <ClCompile Include="ToolForceEx.cpp">
      <Filter>源文件</Filter>
    </ClCompile>
    <ClCompile Include="ToolAvatarES.cpp">
      <Filter>源文件</Filter>
    </ClCompile>
    <ClCompile Include="AdjustColorDlg.cpp">
      <Filter>源文件</Filter>
    </ClCompile>
    <ClCompile Include="ModalInsertPicture.cpp">
      <Filter>源文件</Filter>
    </ClCompile>
    <ClCompile Include="ModalInsertPicturePatch.cpp">
      <Filter>源文件</Filter>
    </ClCompile>
    <ClCompile Include="ModalAdjustCanvas.cpp">
      <Filter>源文件</Filter>
    </ClCompile>
    <ClCompile Include="ModalPictureParameter.cpp">
      <Filter>源文件</Filter>
    </ClCompile>
    <ClCompile Include="ModalClearPicture.cpp">
      <Filter>源文件</Filter>
    </ClCompile>
    <ClCompile Include="ModalLoseBlackPicture.cpp">
      <Filter>源文件</Filter>
    </ClCompile>
    <ClCompile Include="ModalAdjustColor.cpp">
      <Filter>源文件</Filter>
    </ClCompile>
    <ClCompile Include="ModalAddMark.cpp">
      <Filter>源文件</Filter>
    </ClCompile>
    <ClCompile Include="ModalGradient.cpp">
      <Filter>源文件</Filter>
    </ClCompile>
    <ClCompile Include="TinyBar.cpp">
      <Filter>源文件</Filter>
    </ClCompile>
    <ClCompile Include="TinyColorSelect.cpp">
      <Filter>源文件</Filter>
    </ClCompile>
    <ClCompile Include="ModalInsertTexture.cpp">
      <Filter>源文件</Filter>
    </ClCompile>
    <ClCompile Include="TinyAddMark.cpp">
      <Filter>源文件</Filter>
    </ClCompile>
    <ClCompile Include="TinySetBrush.cpp">
      <Filter>源文件</Filter>
    </ClCompile>
    <ClCompile Include="ModalTransform.cpp">
      <Filter>源文件</Filter>
    </ClCompile>
    <ClCompile Include="ModalRename.cpp">
      <Filter>源文件</Filter>
    </ClCompile>
    <ClCompile Include="ModalInsertImage.cpp">
      <Filter>源文件</Filter>
    </ClCompile>
    <ClCompile Include="Profile.cpp">
      <Filter>源文件</Filter>
    </ClCompile>
    <ClCompile Include="ModalPreference.cpp">
      <Filter>源文件</Filter>
    </ClCompile>
    <ClCompile Include="DictAvatar.cpp">
      <Filter>源文件</Filter>
    </ClCompile>
    <ClCompile Include="ModalAvatarMap1.cpp">
      <Filter>源文件</Filter>
    </ClCompile>
    <ClCompile Include="ModalAvatarMap2.cpp">
      <Filter>源文件</Filter>
    </ClCompile>
    <ClCompile Include="ModalAvatarUpdate.cpp">
      <Filter>源文件</Filter>
    </ClCompile>
    <ClCompile Include="ModalImageHide.cpp">
      <Filter>源文件</Filter>
    </ClCompile>
    <ClCompile Include="ModalImageRemove.cpp">
      <Filter>源文件</Filter>
    </ClCompile>
    <ClCompile Include="ModalLock.cpp">
      <Filter>源文件</Filter>
    </ClCompile>
    <ClCompile Include="ModalLockInput.cpp">
      <Filter>源文件</Filter>
    </ClCompile>
  </ItemGroup>
  <ItemGroup>
    <ResourceCompile Include="ExRabbit.rc">
      <Filter>资源文件</Filter>
    </ResourceCompile>
  </ItemGroup>
</Project>